// !$*UTF8*$!
{
	archiveVersion = 1;
	classes = {
	};
	objectVersion = 55;
	objects = {

/* Begin PBXBuildFile section */
		593F32392754F6A800E809DF /* UserView.swift in Sources */ = {isa = PBXBuildFile; fileRef = 593F32382754F6A700E809DF /* UserView.swift */; };
		593F323B2754F6BC00E809DF /* UserRowView.swift in Sources */ = {isa = PBXBuildFile; fileRef = 593F323A2754F6BC00E809DF /* UserRowView.swift */; };
		593F323D2754FF7B00E809DF /* UserLogicController.swift in Sources */ = {isa = PBXBuildFile; fileRef = 593F323C2754FF7B00E809DF /* UserLogicController.swift */; };
		593F323F2755030600E809DF /* UserViewModel.swift in Sources */ = {isa = PBXBuildFile; fileRef = 593F323E2755030600E809DF /* UserViewModel.swift */; };
		594BA37027590927008264FF /* CustomError.swift in Sources */ = {isa = PBXBuildFile; fileRef = 594BA36F27590927008264FF /* CustomError.swift */; };
		594BA37227590992008264FF /* ErrorStatus.swift in Sources */ = {isa = PBXBuildFile; fileRef = 594BA37127590992008264FF /* ErrorStatus.swift */; };
		594BA37727590C8B008264FF /* Endpoint.swift in Sources */ = {isa = PBXBuildFile; fileRef = 594BA37627590C8B008264FF /* Endpoint.swift */; };
		594BA37927590D07008264FF /* HTTPComponents.swift in Sources */ = {isa = PBXBuildFile; fileRef = 594BA37827590D07008264FF /* HTTPComponents.swift */; };
		594BA37B27590D36008264FF /* HTTPMethod.swift in Sources */ = {isa = PBXBuildFile; fileRef = 594BA37A27590D36008264FF /* HTTPMethod.swift */; };
		594BA37D27590D5F008264FF /* HTTPTask.swift in Sources */ = {isa = PBXBuildFile; fileRef = 594BA37C27590D5F008264FF /* HTTPTask.swift */; };
		594BA37F27590F29008264FF /* RequestController.swift in Sources */ = {isa = PBXBuildFile; fileRef = 594BA37E27590F29008264FF /* RequestController.swift */; };
		594BA38427597181008264FF /* DummyAPIConfig.swift in Sources */ = {isa = PBXBuildFile; fileRef = 594BA38327597181008264FF /* DummyAPIConfig.swift */; };
		594BA386275971A2008264FF /* RandomUserAPIConfig.swift in Sources */ = {isa = PBXBuildFile; fileRef = 594BA385275971A2008264FF /* RandomUserAPIConfig.swift */; };
		594BA388275971ED008264FF /* APIEnvironment.swift in Sources */ = {isa = PBXBuildFile; fileRef = 594BA387275971ED008264FF /* APIEnvironment.swift */; };
		5975A40D274FC695006AF24A /* GuessAgeAppApp.swift in Sources */ = {isa = PBXBuildFile; fileRef = 5975A40C274FC695006AF24A /* GuessAgeAppApp.swift */; };
		5975A40F274FC695006AF24A /* ContentView.swift in Sources */ = {isa = PBXBuildFile; fileRef = 5975A40E274FC695006AF24A /* ContentView.swift */; };
		5975A411274FC69C006AF24A /* Assets.xcassets in Resources */ = {isa = PBXBuildFile; fileRef = 5975A410274FC69C006AF24A /* Assets.xcassets */; };
		5975A414274FC69C006AF24A /* Preview Assets.xcassets in Resources */ = {isa = PBXBuildFile; fileRef = 5975A413274FC69C006AF24A /* Preview Assets.xcassets */; };
		5975A41E274FC69C006AF24A /* GuessAgeAppTests.swift in Sources */ = {isa = PBXBuildFile; fileRef = 5975A41D274FC69C006AF24A /* GuessAgeAppTests.swift */; };
		5975A428274FC69C006AF24A /* GuessAgeAppUITests.swift in Sources */ = {isa = PBXBuildFile; fileRef = 5975A427274FC69C006AF24A /* GuessAgeAppUITests.swift */; };
		5975A42A274FC69C006AF24A /* GuessAgeAppUITestsLaunchTests.swift in Sources */ = {isa = PBXBuildFile; fileRef = 5975A429274FC69C006AF24A /* GuessAgeAppUITestsLaunchTests.swift */; };
		5975A43C274FF2CA006AF24A /* RandomUser.swift in Sources */ = {isa = PBXBuildFile; fileRef = 5975A43B274FF2CA006AF24A /* RandomUser.swift */; };
		5975A43E274FF49A006AF24A /* UserList.swift in Sources */ = {isa = PBXBuildFile; fileRef = 5975A43D274FF49A006AF24A /* UserList.swift */; };
		5975A440274FF4DF006AF24A /* User.swift in Sources */ = {isa = PBXBuildFile; fileRef = 5975A43F274FF4DF006AF24A /* User.swift */; };
		5975A443274FF69A006AF24A /* CustomStringConvertible+Description.swift in Sources */ = {isa = PBXBuildFile; fileRef = 5975A442274FF69A006AF24A /* CustomStringConvertible+Description.swift */; };
		5975A446274FF9EF006AF24A /* APIError.swift in Sources */ = {isa = PBXBuildFile; fileRef = 5975A445274FF9EF006AF24A /* APIError.swift */; };
		5975A448274FFBC7006AF24A /* NetworkController.swift in Sources */ = {isa = PBXBuildFile; fileRef = 5975A447274FFBC7006AF24A /* NetworkController.swift */; };
		5975A44C274FFDAD006AF24A /* RandomUserEndPoint.swift in Sources */ = {isa = PBXBuildFile; fileRef = 5975A44B274FFDAD006AF24A /* RandomUserEndPoint.swift */; };
		5975A44E275000DF006AF24A /* DummyEndPoint.swift in Sources */ = {isa = PBXBuildFile; fileRef = 5975A44D275000DF006AF24A /* DummyEndPoint.swift */; };
		5975A4502750D4D8006AF24A /* Parsing.swift in Sources */ = {isa = PBXBuildFile; fileRef = 5975A44F2750D4D8006AF24A /* Parsing.swift */; };
		5975A4522750F6B8006AF24A /* Respone.swift in Sources */ = {isa = PBXBuildFile; fileRef = 5975A4512750F6B8006AF24A /* Respone.swift */; };
		5975A4542750FD40006AF24A /* RandomUserLogicController.swift in Sources */ = {isa = PBXBuildFile; fileRef = 5975A4532750FD40006AF24A /* RandomUserLogicController.swift */; };
		59BE3ADC2752441500F8998E /* RandomUserViewModel.swift in Sources */ = {isa = PBXBuildFile; fileRef = 59BE3ADB2752441500F8998E /* RandomUserViewModel.swift */; };
		59BE3ADF2752495F00F8998E /* RandomUserView.swift in Sources */ = {isa = PBXBuildFile; fileRef = 59BE3ADE2752495F00F8998E /* RandomUserView.swift */; };
		59BE3AE12752714900F8998E /* YearSelectorView.swift in Sources */ = {isa = PBXBuildFile; fileRef = 59BE3AE02752714900F8998E /* YearSelectorView.swift */; };
		59BE3AE4275271E900F8998E /* Constants.swift in Sources */ = {isa = PBXBuildFile; fileRef = 59BE3AE3275271E900F8998E /* Constants.swift */; };
		59BE3AE62753A4FD00F8998E /* Color + Hex.swift in Sources */ = {isa = PBXBuildFile; fileRef = 59BE3AE52753A4FD00F8998E /* Color + Hex.swift */; };
		59BE3AE82753ACAF00F8998E /* SuccessOrFailureView.swift in Sources */ = {isa = PBXBuildFile; fileRef = 59BE3AE72753ACAF00F8998E /* SuccessOrFailureView.swift */; };
/* End PBXBuildFile section */

/* Begin PBXContainerItemProxy section */
		5975A41A274FC69C006AF24A /* PBXContainerItemProxy */ = {
			isa = PBXContainerItemProxy;
			containerPortal = 5975A401274FC695006AF24A /* Project object */;
			proxyType = 1;
			remoteGlobalIDString = 5975A408274FC695006AF24A;
			remoteInfo = GuessAgeApp;
		};
		5975A424274FC69C006AF24A /* PBXContainerItemProxy */ = {
			isa = PBXContainerItemProxy;
			containerPortal = 5975A401274FC695006AF24A /* Project object */;
			proxyType = 1;
			remoteGlobalIDString = 5975A408274FC695006AF24A;
			remoteInfo = GuessAgeApp;
		};
/* End PBXContainerItemProxy section */

/* Begin PBXFileReference section */
		593F32382754F6A700E809DF /* UserView.swift */ = {isa = PBXFileReference; lastKnownFileType = sourcecode.swift; path = UserView.swift; sourceTree = "<group>"; };
		593F323A2754F6BC00E809DF /* UserRowView.swift */ = {isa = PBXFileReference; lastKnownFileType = sourcecode.swift; path = UserRowView.swift; sourceTree = "<group>"; };
		593F323C2754FF7B00E809DF /* UserLogicController.swift */ = {isa = PBXFileReference; lastKnownFileType = sourcecode.swift; path = UserLogicController.swift; sourceTree = "<group>"; };
		593F323E2755030600E809DF /* UserViewModel.swift */ = {isa = PBXFileReference; lastKnownFileType = sourcecode.swift; path = UserViewModel.swift; sourceTree = "<group>"; };
		594BA36F27590927008264FF /* CustomError.swift */ = {isa = PBXFileReference; lastKnownFileType = sourcecode.swift; path = CustomError.swift; sourceTree = "<group>"; };
		594BA37127590992008264FF /* ErrorStatus.swift */ = {isa = PBXFileReference; lastKnownFileType = sourcecode.swift; path = ErrorStatus.swift; sourceTree = "<group>"; };
		594BA37627590C8B008264FF /* Endpoint.swift */ = {isa = PBXFileReference; lastKnownFileType = sourcecode.swift; path = Endpoint.swift; sourceTree = "<group>"; };
		594BA37827590D07008264FF /* HTTPComponents.swift */ = {isa = PBXFileReference; lastKnownFileType = sourcecode.swift; path = HTTPComponents.swift; sourceTree = "<group>"; };
		594BA37A27590D36008264FF /* HTTPMethod.swift */ = {isa = PBXFileReference; lastKnownFileType = sourcecode.swift; path = HTTPMethod.swift; sourceTree = "<group>"; };
		594BA37C27590D5F008264FF /* HTTPTask.swift */ = {isa = PBXFileReference; lastKnownFileType = sourcecode.swift; path = HTTPTask.swift; sourceTree = "<group>"; };
		594BA37E27590F29008264FF /* RequestController.swift */ = {isa = PBXFileReference; lastKnownFileType = sourcecode.swift; path = RequestController.swift; sourceTree = "<group>"; };
		594BA38327597181008264FF /* DummyAPIConfig.swift */ = {isa = PBXFileReference; lastKnownFileType = sourcecode.swift; path = DummyAPIConfig.swift; sourceTree = "<group>"; };
		594BA385275971A2008264FF /* RandomUserAPIConfig.swift */ = {isa = PBXFileReference; lastKnownFileType = sourcecode.swift; path = RandomUserAPIConfig.swift; sourceTree = "<group>"; };
		594BA387275971ED008264FF /* APIEnvironment.swift */ = {isa = PBXFileReference; lastKnownFileType = sourcecode.swift; path = APIEnvironment.swift; sourceTree = "<group>"; };
		5975A409274FC695006AF24A /* GuessAgeApp.app */ = {isa = PBXFileReference; explicitFileType = wrapper.application; includeInIndex = 0; path = GuessAgeApp.app; sourceTree = BUILT_PRODUCTS_DIR; };
		5975A40C274FC695006AF24A /* GuessAgeAppApp.swift */ = {isa = PBXFileReference; lastKnownFileType = sourcecode.swift; path = GuessAgeAppApp.swift; sourceTree = "<group>"; };
		5975A40E274FC695006AF24A /* ContentView.swift */ = {isa = PBXFileReference; lastKnownFileType = sourcecode.swift; path = ContentView.swift; sourceTree = "<group>"; };
		5975A410274FC69C006AF24A /* Assets.xcassets */ = {isa = PBXFileReference; lastKnownFileType = folder.assetcatalog; path = Assets.xcassets; sourceTree = "<group>"; };
		5975A413274FC69C006AF24A /* Preview Assets.xcassets */ = {isa = PBXFileReference; lastKnownFileType = folder.assetcatalog; path = "Preview Assets.xcassets"; sourceTree = "<group>"; };
		5975A419274FC69C006AF24A /* GuessAgeAppTests.xctest */ = {isa = PBXFileReference; explicitFileType = wrapper.cfbundle; includeInIndex = 0; path = GuessAgeAppTests.xctest; sourceTree = BUILT_PRODUCTS_DIR; };
		5975A41D274FC69C006AF24A /* GuessAgeAppTests.swift */ = {isa = PBXFileReference; lastKnownFileType = sourcecode.swift; path = GuessAgeAppTests.swift; sourceTree = "<group>"; };
		5975A423274FC69C006AF24A /* GuessAgeAppUITests.xctest */ = {isa = PBXFileReference; explicitFileType = wrapper.cfbundle; includeInIndex = 0; path = GuessAgeAppUITests.xctest; sourceTree = BUILT_PRODUCTS_DIR; };
		5975A427274FC69C006AF24A /* GuessAgeAppUITests.swift */ = {isa = PBXFileReference; lastKnownFileType = sourcecode.swift; path = GuessAgeAppUITests.swift; sourceTree = "<group>"; };
		5975A429274FC69C006AF24A /* GuessAgeAppUITestsLaunchTests.swift */ = {isa = PBXFileReference; lastKnownFileType = sourcecode.swift; path = GuessAgeAppUITestsLaunchTests.swift; sourceTree = "<group>"; };
		5975A43B274FF2CA006AF24A /* RandomUser.swift */ = {isa = PBXFileReference; lastKnownFileType = sourcecode.swift; path = RandomUser.swift; sourceTree = "<group>"; };
		5975A43D274FF49A006AF24A /* UserList.swift */ = {isa = PBXFileReference; lastKnownFileType = sourcecode.swift; path = UserList.swift; sourceTree = "<group>"; };
		5975A43F274FF4DF006AF24A /* User.swift */ = {isa = PBXFileReference; lastKnownFileType = sourcecode.swift; path = User.swift; sourceTree = "<group>"; };
		5975A442274FF69A006AF24A /* CustomStringConvertible+Description.swift */ = {isa = PBXFileReference; lastKnownFileType = sourcecode.swift; path = "CustomStringConvertible+Description.swift"; sourceTree = "<group>"; };
		5975A445274FF9EF006AF24A /* APIError.swift */ = {isa = PBXFileReference; lastKnownFileType = sourcecode.swift; path = APIError.swift; sourceTree = "<group>"; };
		5975A447274FFBC7006AF24A /* NetworkController.swift */ = {isa = PBXFileReference; lastKnownFileType = sourcecode.swift; path = NetworkController.swift; sourceTree = "<group>"; };
		5975A44B274FFDAD006AF24A /* RandomUserEndPoint.swift */ = {isa = PBXFileReference; lastKnownFileType = sourcecode.swift; path = RandomUserEndPoint.swift; sourceTree = "<group>"; };
		5975A44D275000DF006AF24A /* DummyEndPoint.swift */ = {isa = PBXFileReference; lastKnownFileType = sourcecode.swift; path = DummyEndPoint.swift; sourceTree = "<group>"; };
		5975A44F2750D4D8006AF24A /* Parsing.swift */ = {isa = PBXFileReference; lastKnownFileType = sourcecode.swift; path = Parsing.swift; sourceTree = "<group>"; };
		5975A4512750F6B8006AF24A /* Respone.swift */ = {isa = PBXFileReference; lastKnownFileType = sourcecode.swift; path = Respone.swift; sourceTree = "<group>"; };
		5975A4532750FD40006AF24A /* RandomUserLogicController.swift */ = {isa = PBXFileReference; lastKnownFileType = sourcecode.swift; path = RandomUserLogicController.swift; sourceTree = "<group>"; };
		59BE3ADB2752441500F8998E /* RandomUserViewModel.swift */ = {isa = PBXFileReference; lastKnownFileType = sourcecode.swift; path = RandomUserViewModel.swift; sourceTree = "<group>"; };
		59BE3ADE2752495F00F8998E /* RandomUserView.swift */ = {isa = PBXFileReference; lastKnownFileType = sourcecode.swift; path = RandomUserView.swift; sourceTree = "<group>"; };
		59BE3AE02752714900F8998E /* YearSelectorView.swift */ = {isa = PBXFileReference; lastKnownFileType = sourcecode.swift; path = YearSelectorView.swift; sourceTree = "<group>"; };
		59BE3AE3275271E900F8998E /* Constants.swift */ = {isa = PBXFileReference; lastKnownFileType = sourcecode.swift; path = Constants.swift; sourceTree = "<group>"; };
		59BE3AE52753A4FD00F8998E /* Color + Hex.swift */ = {isa = PBXFileReference; lastKnownFileType = sourcecode.swift; path = "Color + Hex.swift"; sourceTree = "<group>"; };
		59BE3AE72753ACAF00F8998E /* SuccessOrFailureView.swift */ = {isa = PBXFileReference; lastKnownFileType = sourcecode.swift; path = SuccessOrFailureView.swift; sourceTree = "<group>"; };
/* End PBXFileReference section */

/* Begin PBXFrameworksBuildPhase section */
		5975A406274FC695006AF24A /* Frameworks */ = {
			isa = PBXFrameworksBuildPhase;
			buildActionMask = 2147483647;
			files = (
			);
			runOnlyForDeploymentPostprocessing = 0;
		};
		5975A416274FC69C006AF24A /* Frameworks */ = {
			isa = PBXFrameworksBuildPhase;
			buildActionMask = 2147483647;
			files = (
			);
			runOnlyForDeploymentPostprocessing = 0;
		};
		5975A420274FC69C006AF24A /* Frameworks */ = {
			isa = PBXFrameworksBuildPhase;
			buildActionMask = 2147483647;
			files = (
			);
			runOnlyForDeploymentPostprocessing = 0;
		};
/* End PBXFrameworksBuildPhase section */

/* Begin PBXGroup section */
		594BA36E27590899008264FF /* ErrorHandling */ = {
			isa = PBXGroup;
			children = (
				594BA36F27590927008264FF /* CustomError.swift */,
				594BA37127590992008264FF /* ErrorStatus.swift */,
			);
			path = ErrorHandling;
			sourceTree = "<group>";
		};
		594BA37327590C0D008264FF /* RequestComponents */ = {
			isa = PBXGroup;
			children = (
				594BA38227597062008264FF /* Endpoints */,
				594BA37827590D07008264FF /* HTTPComponents.swift */,
				594BA37A27590D36008264FF /* HTTPMethod.swift */,
				594BA37C27590D5F008264FF /* HTTPTask.swift */,
				594BA38327597181008264FF /* DummyAPIConfig.swift */,
				594BA385275971A2008264FF /* RandomUserAPIConfig.swift */,
				594BA387275971ED008264FF /* APIEnvironment.swift */,
			);
			path = RequestComponents;
			sourceTree = "<group>";
		};
		594BA38027590FD4008264FF /* Controllers */ = {
			isa = PBXGroup;
			children = (
				594BA37E27590F29008264FF /* RequestController.swift */,
			);
			path = Controllers;
			sourceTree = "<group>";
		};
		594BA3812759704D008264FF /* LogicControllers */ = {
			isa = PBXGroup;
			children = (
				5975A4532750FD40006AF24A /* RandomUserLogicController.swift */,
				593F323C2754FF7B00E809DF /* UserLogicController.swift */,
			);
			path = LogicControllers;
			sourceTree = "<group>";
		};
		594BA38227597062008264FF /* Endpoints */ = {
			isa = PBXGroup;
			children = (
				594BA37627590C8B008264FF /* Endpoint.swift */,
				5975A44D275000DF006AF24A /* DummyEndPoint.swift */,
				5975A44B274FFDAD006AF24A /* RandomUserEndPoint.swift */,
			);
			path = Endpoints;
			sourceTree = "<group>";
		};
		5975A400274FC695006AF24A = {
			isa = PBXGroup;
			children = (
				5975A40B274FC695006AF24A /* GuessAgeApp */,
				5975A41C274FC69C006AF24A /* GuessAgeAppTests */,
				5975A426274FC69C006AF24A /* GuessAgeAppUITests */,
				5975A40A274FC695006AF24A /* Products */,
			);
			sourceTree = "<group>";
		};
		5975A40A274FC695006AF24A /* Products */ = {
			isa = PBXGroup;
			children = (
				5975A409274FC695006AF24A /* GuessAgeApp.app */,
				5975A419274FC69C006AF24A /* GuessAgeAppTests.xctest */,
				5975A423274FC69C006AF24A /* GuessAgeAppUITests.xctest */,
			);
			name = Products;
			sourceTree = "<group>";
		};
		5975A40B274FC695006AF24A /* GuessAgeApp */ = {
			isa = PBXGroup;
			children = (
				594BA36E27590899008264FF /* ErrorHandling */,
				5975A444274FF8F6006AF24A /* Common */,
				5975A441274FF666006AF24A /* Extensions */,
				5975A43A274FC985006AF24A /* Networking */,
				5975A438274FC8A5006AF24A /* View */,
				5975A436274FC88F006AF24A /* Model */,
				5975A40C274FC695006AF24A /* GuessAgeAppApp.swift */,
				5975A40E274FC695006AF24A /* ContentView.swift */,
				5975A410274FC69C006AF24A /* Assets.xcassets */,
				5975A412274FC69C006AF24A /* Preview Content */,
			);
			path = GuessAgeApp;
			sourceTree = "<group>";
		};
		5975A412274FC69C006AF24A /* Preview Content */ = {
			isa = PBXGroup;
			children = (
				5975A413274FC69C006AF24A /* Preview Assets.xcassets */,
			);
			path = "Preview Content";
			sourceTree = "<group>";
		};
		5975A41C274FC69C006AF24A /* GuessAgeAppTests */ = {
			isa = PBXGroup;
			children = (
				5975A41D274FC69C006AF24A /* GuessAgeAppTests.swift */,
			);
			path = GuessAgeAppTests;
			sourceTree = "<group>";
		};
		5975A426274FC69C006AF24A /* GuessAgeAppUITests */ = {
			isa = PBXGroup;
			children = (
				5975A427274FC69C006AF24A /* GuessAgeAppUITests.swift */,
				5975A429274FC69C006AF24A /* GuessAgeAppUITestsLaunchTests.swift */,
			);
			path = GuessAgeAppUITests;
			sourceTree = "<group>";
		};
		5975A436274FC88F006AF24A /* Model */ = {
			isa = PBXGroup;
			children = (
				5975A43B274FF2CA006AF24A /* RandomUser.swift */,
				5975A43D274FF49A006AF24A /* UserList.swift */,
				5975A43F274FF4DF006AF24A /* User.swift */,
			);
			path = Model;
			sourceTree = "<group>";
		};
		5975A438274FC8A5006AF24A /* View */ = {
			isa = PBXGroup;
			children = (
				59BE3ADD2752441B00F8998E /* ViewModel */,
				59BE3ADE2752495F00F8998E /* RandomUserView.swift */,
				59BE3AE02752714900F8998E /* YearSelectorView.swift */,
				59BE3AE72753ACAF00F8998E /* SuccessOrFailureView.swift */,
				593F32382754F6A700E809DF /* UserView.swift */,
				593F323A2754F6BC00E809DF /* UserRowView.swift */,
			);
			path = View;
			sourceTree = "<group>";
		};
		5975A43A274FC985006AF24A /* Networking */ = {
			isa = PBXGroup;
			children = (
				594BA3812759704D008264FF /* LogicControllers */,
				594BA38027590FD4008264FF /* Controllers */,
				594BA37327590C0D008264FF /* RequestComponents */,
				5975A447274FFBC7006AF24A /* NetworkController.swift */,
				5975A4512750F6B8006AF24A /* Respone.swift */,
			);
			path = Networking;
			sourceTree = "<group>";
		};
		5975A441274FF666006AF24A /* Extensions */ = {
			isa = PBXGroup;
			children = (
				5975A442274FF69A006AF24A /* CustomStringConvertible+Description.swift */,
				59BE3AE52753A4FD00F8998E /* Color + Hex.swift */,
			);
			path = Extensions;
			sourceTree = "<group>";
		};
		5975A444274FF8F6006AF24A /* Common */ = {
			isa = PBXGroup;
			children = (
				5975A445274FF9EF006AF24A /* APIError.swift */,
				5975A44F2750D4D8006AF24A /* Parsing.swift */,
				59BE3AE3275271E900F8998E /* Constants.swift */,
			);
			path = Common;
			sourceTree = "<group>";
		};
		59BE3ADD2752441B00F8998E /* ViewModel */ = {
			isa = PBXGroup;
			children = (
				59BE3ADB2752441500F8998E /* RandomUserViewModel.swift */,
				593F323E2755030600E809DF /* UserViewModel.swift */,
			);
			path = ViewModel;
			sourceTree = "<group>";
		};
/* End PBXGroup section */

/* Begin PBXNativeTarget section */
		5975A408274FC695006AF24A /* GuessAgeApp */ = {
			isa = PBXNativeTarget;
			buildConfigurationList = 5975A42D274FC69C006AF24A /* Build configuration list for PBXNativeTarget "GuessAgeApp" */;
			buildPhases = (
				5975A405274FC695006AF24A /* Sources */,
				5975A406274FC695006AF24A /* Frameworks */,
				5975A407274FC695006AF24A /* Resources */,
			);
			buildRules = (
			);
			dependencies = (
			);
			name = GuessAgeApp;
			productName = GuessAgeApp;
			productReference = 5975A409274FC695006AF24A /* GuessAgeApp.app */;
			productType = "com.apple.product-type.application";
		};
		5975A418274FC69C006AF24A /* GuessAgeAppTests */ = {
			isa = PBXNativeTarget;
			buildConfigurationList = 5975A430274FC69C006AF24A /* Build configuration list for PBXNativeTarget "GuessAgeAppTests" */;
			buildPhases = (
				5975A415274FC69C006AF24A /* Sources */,
				5975A416274FC69C006AF24A /* Frameworks */,
				5975A417274FC69C006AF24A /* Resources */,
			);
			buildRules = (
			);
			dependencies = (
				5975A41B274FC69C006AF24A /* PBXTargetDependency */,
			);
			name = GuessAgeAppTests;
			productName = GuessAgeAppTests;
			productReference = 5975A419274FC69C006AF24A /* GuessAgeAppTests.xctest */;
			productType = "com.apple.product-type.bundle.unit-test";
		};
		5975A422274FC69C006AF24A /* GuessAgeAppUITests */ = {
			isa = PBXNativeTarget;
			buildConfigurationList = 5975A433274FC69C006AF24A /* Build configuration list for PBXNativeTarget "GuessAgeAppUITests" */;
			buildPhases = (
				5975A41F274FC69C006AF24A /* Sources */,
				5975A420274FC69C006AF24A /* Frameworks */,
				5975A421274FC69C006AF24A /* Resources */,
			);
			buildRules = (
			);
			dependencies = (
				5975A425274FC69C006AF24A /* PBXTargetDependency */,
			);
			name = GuessAgeAppUITests;
			productName = GuessAgeAppUITests;
			productReference = 5975A423274FC69C006AF24A /* GuessAgeAppUITests.xctest */;
			productType = "com.apple.product-type.bundle.ui-testing";
		};
/* End PBXNativeTarget section */

/* Begin PBXProject section */
		5975A401274FC695006AF24A /* Project object */ = {
			isa = PBXProject;
			attributes = {
				BuildIndependentTargetsInParallel = 1;
				LastSwiftUpdateCheck = 1310;
				LastUpgradeCheck = 1310;
				TargetAttributes = {
					5975A408274FC695006AF24A = {
						CreatedOnToolsVersion = 13.1;
					};
					5975A418274FC69C006AF24A = {
						CreatedOnToolsVersion = 13.1;
						TestTargetID = 5975A408274FC695006AF24A;
					};
					5975A422274FC69C006AF24A = {
						CreatedOnToolsVersion = 13.1;
						TestTargetID = 5975A408274FC695006AF24A;
					};
				};
			};
			buildConfigurationList = 5975A404274FC695006AF24A /* Build configuration list for PBXProject "GuessAgeApp" */;
			compatibilityVersion = "Xcode 13.0";
			developmentRegion = en;
			hasScannedForEncodings = 0;
			knownRegions = (
				en,
				Base,
			);
			mainGroup = 5975A400274FC695006AF24A;
			productRefGroup = 5975A40A274FC695006AF24A /* Products */;
			projectDirPath = "";
			projectRoot = "";
			targets = (
				5975A408274FC695006AF24A /* GuessAgeApp */,
				5975A418274FC69C006AF24A /* GuessAgeAppTests */,
				5975A422274FC69C006AF24A /* GuessAgeAppUITests */,
			);
		};
/* End PBXProject section */

/* Begin PBXResourcesBuildPhase section */
		5975A407274FC695006AF24A /* Resources */ = {
			isa = PBXResourcesBuildPhase;
			buildActionMask = 2147483647;
			files = (
				5975A414274FC69C006AF24A /* Preview Assets.xcassets in Resources */,
				5975A411274FC69C006AF24A /* Assets.xcassets in Resources */,
			);
			runOnlyForDeploymentPostprocessing = 0;
		};
		5975A417274FC69C006AF24A /* Resources */ = {
			isa = PBXResourcesBuildPhase;
			buildActionMask = 2147483647;
			files = (
			);
			runOnlyForDeploymentPostprocessing = 0;
		};
		5975A421274FC69C006AF24A /* Resources */ = {
			isa = PBXResourcesBuildPhase;
			buildActionMask = 2147483647;
			files = (
			);
			runOnlyForDeploymentPostprocessing = 0;
		};
/* End PBXResourcesBuildPhase section */

/* Begin PBXSourcesBuildPhase section */
		5975A405274FC695006AF24A /* Sources */ = {
			isa = PBXSourcesBuildPhase;
			buildActionMask = 2147483647;
			files = (
				5975A4522750F6B8006AF24A /* Respone.swift in Sources */,
				594BA37927590D07008264FF /* HTTPComponents.swift in Sources */,
				594BA37727590C8B008264FF /* Endpoint.swift in Sources */,
				594BA386275971A2008264FF /* RandomUserAPIConfig.swift in Sources */,
				59BE3AE4275271E900F8998E /* Constants.swift in Sources */,
				5975A448274FFBC7006AF24A /* NetworkController.swift in Sources */,
				59BE3ADF2752495F00F8998E /* RandomUserView.swift in Sources */,
				594BA37D27590D5F008264FF /* HTTPTask.swift in Sources */,
				5975A44E275000DF006AF24A /* DummyEndPoint.swift in Sources */,
				593F323D2754FF7B00E809DF /* UserLogicController.swift in Sources */,
				59BE3AE62753A4FD00F8998E /* Color + Hex.swift in Sources */,
				5975A43E274FF49A006AF24A /* UserList.swift in Sources */,
				594BA38427597181008264FF /* DummyAPIConfig.swift in Sources */,
				593F323B2754F6BC00E809DF /* UserRowView.swift in Sources */,
				593F32392754F6A800E809DF /* UserView.swift in Sources */,
				594BA37F27590F29008264FF /* RequestController.swift in Sources */,
				593F323F2755030600E809DF /* UserViewModel.swift in Sources */,
				59BE3ADC2752441500F8998E /* RandomUserViewModel.swift in Sources */,
				5975A40F274FC695006AF24A /* ContentView.swift in Sources */,
				5975A40D274FC695006AF24A /* GuessAgeAppApp.swift in Sources */,
				594BA37B27590D36008264FF /* HTTPMethod.swift in Sources */,
				594BA388275971ED008264FF /* APIEnvironment.swift in Sources */,
				5975A4542750FD40006AF24A /* RandomUserLogicController.swift in Sources */,
				5975A44C274FFDAD006AF24A /* RandomUserEndPoint.swift in Sources */,
				5975A440274FF4DF006AF24A /* User.swift in Sources */,
				594BA37027590927008264FF /* CustomError.swift in Sources */,
				5975A4502750D4D8006AF24A /* Parsing.swift in Sources */,
				5975A443274FF69A006AF24A /* CustomStringConvertible+Description.swift in Sources */,
				5975A43C274FF2CA006AF24A /* RandomUser.swift in Sources */,
				59BE3AE12752714900F8998E /* YearSelectorView.swift in Sources */,
				59BE3AE82753ACAF00F8998E /* SuccessOrFailureView.swift in Sources */,
				5975A446274FF9EF006AF24A /* APIError.swift in Sources */,
				594BA37227590992008264FF /* ErrorStatus.swift in Sources */,
			);
			runOnlyForDeploymentPostprocessing = 0;
		};
		5975A415274FC69C006AF24A /* Sources */ = {
			isa = PBXSourcesBuildPhase;
			buildActionMask = 2147483647;
			files = (
				5975A41E274FC69C006AF24A /* GuessAgeAppTests.swift in Sources */,
			);
			runOnlyForDeploymentPostprocessing = 0;
		};
		5975A41F274FC69C006AF24A /* Sources */ = {
			isa = PBXSourcesBuildPhase;
			buildActionMask = 2147483647;
			files = (
				5975A42A274FC69C006AF24A /* GuessAgeAppUITestsLaunchTests.swift in Sources */,
				5975A428274FC69C006AF24A /* GuessAgeAppUITests.swift in Sources */,
			);
			runOnlyForDeploymentPostprocessing = 0;
		};
/* End PBXSourcesBuildPhase section */

/* Begin PBXTargetDependency section */
		5975A41B274FC69C006AF24A /* PBXTargetDependency */ = {
			isa = PBXTargetDependency;
			target = 5975A408274FC695006AF24A /* GuessAgeApp */;
			targetProxy = 5975A41A274FC69C006AF24A /* PBXContainerItemProxy */;
		};
		5975A425274FC69C006AF24A /* PBXTargetDependency */ = {
			isa = PBXTargetDependency;
			target = 5975A408274FC695006AF24A /* GuessAgeApp */;
			targetProxy = 5975A424274FC69C006AF24A /* PBXContainerItemProxy */;
		};
/* End PBXTargetDependency section */

/* Begin XCBuildConfiguration section */
		5975A42B274FC69C006AF24A /* Debug */ = {
			isa = XCBuildConfiguration;
			buildSettings = {
				ALWAYS_SEARCH_USER_PATHS = NO;
				CLANG_ANALYZER_NONNULL = YES;
				CLANG_ANALYZER_NUMBER_OBJECT_CONVERSION = YES_AGGRESSIVE;
				CLANG_CXX_LANGUAGE_STANDARD = "gnu++17";
				CLANG_CXX_LIBRARY = "libc++";
				CLANG_ENABLE_MODULES = YES;
				CLANG_ENABLE_OBJC_ARC = YES;
				CLANG_ENABLE_OBJC_WEAK = YES;
				CLANG_WARN_BLOCK_CAPTURE_AUTORELEASING = YES;
				CLANG_WARN_BOOL_CONVERSION = YES;
				CLANG_WARN_COMMA = YES;
				CLANG_WARN_CONSTANT_CONVERSION = YES;
				CLANG_WARN_DEPRECATED_OBJC_IMPLEMENTATIONS = YES;
				CLANG_WARN_DIRECT_OBJC_ISA_USAGE = YES_ERROR;
				CLANG_WARN_DOCUMENTATION_COMMENTS = YES;
				CLANG_WARN_EMPTY_BODY = YES;
				CLANG_WARN_ENUM_CONVERSION = YES;
				CLANG_WARN_INFINITE_RECURSION = YES;
				CLANG_WARN_INT_CONVERSION = YES;
				CLANG_WARN_NON_LITERAL_NULL_CONVERSION = YES;
				CLANG_WARN_OBJC_IMPLICIT_RETAIN_SELF = YES;
				CLANG_WARN_OBJC_LITERAL_CONVERSION = YES;
				CLANG_WARN_OBJC_ROOT_CLASS = YES_ERROR;
				CLANG_WARN_QUOTED_INCLUDE_IN_FRAMEWORK_HEADER = YES;
				CLANG_WARN_RANGE_LOOP_ANALYSIS = YES;
				CLANG_WARN_STRICT_PROTOTYPES = YES;
				CLANG_WARN_SUSPICIOUS_MOVE = YES;
				CLANG_WARN_UNGUARDED_AVAILABILITY = YES_AGGRESSIVE;
				CLANG_WARN_UNREACHABLE_CODE = YES;
				CLANG_WARN__DUPLICATE_METHOD_MATCH = YES;
				COPY_PHASE_STRIP = NO;
				DEBUG_INFORMATION_FORMAT = dwarf;
				ENABLE_STRICT_OBJC_MSGSEND = YES;
				ENABLE_TESTABILITY = YES;
				GCC_C_LANGUAGE_STANDARD = gnu11;
				GCC_DYNAMIC_NO_PIC = NO;
				GCC_NO_COMMON_BLOCKS = YES;
				GCC_OPTIMIZATION_LEVEL = 0;
				GCC_PREPROCESSOR_DEFINITIONS = (
					"DEBUG=1",
					"$(inherited)",
				);
				GCC_WARN_64_TO_32_BIT_CONVERSION = YES;
				GCC_WARN_ABOUT_RETURN_TYPE = YES_ERROR;
				GCC_WARN_UNDECLARED_SELECTOR = YES;
				GCC_WARN_UNINITIALIZED_AUTOS = YES_AGGRESSIVE;
				GCC_WARN_UNUSED_FUNCTION = YES;
				GCC_WARN_UNUSED_VARIABLE = YES;
				IPHONEOS_DEPLOYMENT_TARGET = 15.0;
				MTL_ENABLE_DEBUG_INFO = INCLUDE_SOURCE;
				MTL_FAST_MATH = YES;
				ONLY_ACTIVE_ARCH = YES;
				SDKROOT = iphoneos;
				SWIFT_ACTIVE_COMPILATION_CONDITIONS = DEBUG;
				SWIFT_OPTIMIZATION_LEVEL = "-Onone";
			};
			name = Debug;
		};
		5975A42C274FC69C006AF24A /* Release */ = {
			isa = XCBuildConfiguration;
			buildSettings = {
				ALWAYS_SEARCH_USER_PATHS = NO;
				CLANG_ANALYZER_NONNULL = YES;
				CLANG_ANALYZER_NUMBER_OBJECT_CONVERSION = YES_AGGRESSIVE;
				CLANG_CXX_LANGUAGE_STANDARD = "gnu++17";
				CLANG_CXX_LIBRARY = "libc++";
				CLANG_ENABLE_MODULES = YES;
				CLANG_ENABLE_OBJC_ARC = YES;
				CLANG_ENABLE_OBJC_WEAK = YES;
				CLANG_WARN_BLOCK_CAPTURE_AUTORELEASING = YES;
				CLANG_WARN_BOOL_CONVERSION = YES;
				CLANG_WARN_COMMA = YES;
				CLANG_WARN_CONSTANT_CONVERSION = YES;
				CLANG_WARN_DEPRECATED_OBJC_IMPLEMENTATIONS = YES;
				CLANG_WARN_DIRECT_OBJC_ISA_USAGE = YES_ERROR;
				CLANG_WARN_DOCUMENTATION_COMMENTS = YES;
				CLANG_WARN_EMPTY_BODY = YES;
				CLANG_WARN_ENUM_CONVERSION = YES;
				CLANG_WARN_INFINITE_RECURSION = YES;
				CLANG_WARN_INT_CONVERSION = YES;
				CLANG_WARN_NON_LITERAL_NULL_CONVERSION = YES;
				CLANG_WARN_OBJC_IMPLICIT_RETAIN_SELF = YES;
				CLANG_WARN_OBJC_LITERAL_CONVERSION = YES;
				CLANG_WARN_OBJC_ROOT_CLASS = YES_ERROR;
				CLANG_WARN_QUOTED_INCLUDE_IN_FRAMEWORK_HEADER = YES;
				CLANG_WARN_RANGE_LOOP_ANALYSIS = YES;
				CLANG_WARN_STRICT_PROTOTYPES = YES;
				CLANG_WARN_SUSPICIOUS_MOVE = YES;
				CLANG_WARN_UNGUARDED_AVAILABILITY = YES_AGGRESSIVE;
				CLANG_WARN_UNREACHABLE_CODE = YES;
				CLANG_WARN__DUPLICATE_METHOD_MATCH = YES;
				COPY_PHASE_STRIP = NO;
				DEBUG_INFORMATION_FORMAT = "dwarf-with-dsym";
				ENABLE_NS_ASSERTIONS = NO;
				ENABLE_STRICT_OBJC_MSGSEND = YES;
				GCC_C_LANGUAGE_STANDARD = gnu11;
				GCC_NO_COMMON_BLOCKS = YES;
				GCC_WARN_64_TO_32_BIT_CONVERSION = YES;
				GCC_WARN_ABOUT_RETURN_TYPE = YES_ERROR;
				GCC_WARN_UNDECLARED_SELECTOR = YES;
				GCC_WARN_UNINITIALIZED_AUTOS = YES_AGGRESSIVE;
				GCC_WARN_UNUSED_FUNCTION = YES;
				GCC_WARN_UNUSED_VARIABLE = YES;
				IPHONEOS_DEPLOYMENT_TARGET = 15.0;
				MTL_ENABLE_DEBUG_INFO = NO;
				MTL_FAST_MATH = YES;
				SDKROOT = iphoneos;
				SWIFT_COMPILATION_MODE = wholemodule;
				SWIFT_OPTIMIZATION_LEVEL = "-O";
				VALIDATE_PRODUCT = YES;
			};
			name = Release;
		};
		5975A42E274FC69C006AF24A /* Debug */ = {
			isa = XCBuildConfiguration;
			buildSettings = {
				ASSETCATALOG_COMPILER_APPICON_NAME = AppIcon;
				ASSETCATALOG_COMPILER_GLOBAL_ACCENT_COLOR_NAME = AccentColor;
				CODE_SIGN_STYLE = Automatic;
				CURRENT_PROJECT_VERSION = 1;
				DEVELOPMENT_ASSET_PATHS = "\"GuessAgeApp/Preview Content\"";
				DEVELOPMENT_TEAM = 579JAP9YP6;
				ENABLE_PREVIEWS = YES;
				GENERATE_INFOPLIST_FILE = YES;
				INFOPLIST_KEY_UIApplicationSceneManifest_Generation = YES;
				INFOPLIST_KEY_UIApplicationSupportsIndirectInputEvents = YES;
				INFOPLIST_KEY_UILaunchScreen_Generation = YES;
				INFOPLIST_KEY_UISupportedInterfaceOrientations_iPad = "UIInterfaceOrientationPortrait UIInterfaceOrientationPortraitUpsideDown UIInterfaceOrientationLandscapeLeft UIInterfaceOrientationLandscapeRight";
				INFOPLIST_KEY_UISupportedInterfaceOrientations_iPhone = "UIInterfaceOrientationPortrait UIInterfaceOrientationLandscapeLeft UIInterfaceOrientationLandscapeRight";
				LD_RUNPATH_SEARCH_PATHS = (
					"$(inherited)",
					"@executable_path/Frameworks",
				);
				MARKETING_VERSION = 1.0;
				PRODUCT_BUNDLE_IDENTIFIER = com.teckdk.GuessAgeApp;
				PRODUCT_NAME = "$(TARGET_NAME)";
				SWIFT_EMIT_LOC_STRINGS = YES;
				SWIFT_VERSION = 5.0;
				TARGETED_DEVICE_FAMILY = "1,2";
			};
			name = Debug;
		};
		5975A42F274FC69C006AF24A /* Release */ = {
			isa = XCBuildConfiguration;
			buildSettings = {
				ASSETCATALOG_COMPILER_APPICON_NAME = AppIcon;
				ASSETCATALOG_COMPILER_GLOBAL_ACCENT_COLOR_NAME = AccentColor;
				CODE_SIGN_STYLE = Automatic;
				CURRENT_PROJECT_VERSION = 1;
				DEVELOPMENT_ASSET_PATHS = "\"GuessAgeApp/Preview Content\"";
				DEVELOPMENT_TEAM = 579JAP9YP6;
				ENABLE_PREVIEWS = YES;
				GENERATE_INFOPLIST_FILE = YES;
				INFOPLIST_KEY_UIApplicationSceneManifest_Generation = YES;
				INFOPLIST_KEY_UIApplicationSupportsIndirectInputEvents = YES;
				INFOPLIST_KEY_UILaunchScreen_Generation = YES;
				INFOPLIST_KEY_UISupportedInterfaceOrientations_iPad = "UIInterfaceOrientationPortrait UIInterfaceOrientationPortraitUpsideDown UIInterfaceOrientationLandscapeLeft UIInterfaceOrientationLandscapeRight";
				INFOPLIST_KEY_UISupportedInterfaceOrientations_iPhone = "UIInterfaceOrientationPortrait UIInterfaceOrientationLandscapeLeft UIInterfaceOrientationLandscapeRight";
				LD_RUNPATH_SEARCH_PATHS = (
					"$(inherited)",
					"@executable_path/Frameworks",
				);
				MARKETING_VERSION = 1.0;
				PRODUCT_BUNDLE_IDENTIFIER = com.teckdk.GuessAgeApp;
				PRODUCT_NAME = "$(TARGET_NAME)";
				SWIFT_EMIT_LOC_STRINGS = YES;
				SWIFT_VERSION = 5.0;
				TARGETED_DEVICE_FAMILY = "1,2";
			};
			name = Release;
		};
		5975A431274FC69C006AF24A /* Debug */ = {
			isa = XCBuildConfiguration;
			buildSettings = {
				ALWAYS_EMBED_SWIFT_STANDARD_LIBRARIES = YES;
				BUNDLE_LOADER = "$(TEST_HOST)";
				CODE_SIGN_STYLE = Automatic;
				CURRENT_PROJECT_VERSION = 1;
				DEVELOPMENT_TEAM = 579JAP9YP6;
				GENERATE_INFOPLIST_FILE = YES;
				IPHONEOS_DEPLOYMENT_TARGET = 15.0;
				LD_RUNPATH_SEARCH_PATHS = (
					"$(inherited)",
					"@executable_path/Frameworks",
					"@loader_path/Frameworks",
				);
				MARKETING_VERSION = 1.0;
				PRODUCT_BUNDLE_IDENTIFIER = com.teckdk.GuessAgeAppTests;
				PRODUCT_NAME = "$(TARGET_NAME)";
				SWIFT_EMIT_LOC_STRINGS = NO;
				SWIFT_VERSION = 5.0;
				TARGETED_DEVICE_FAMILY = "1,2";
				TEST_HOST = "$(BUILT_PRODUCTS_DIR)/GuessAgeApp.app/GuessAgeApp";
			};
			name = Debug;
		};
		5975A432274FC69C006AF24A /* Release */ = {
			isa = XCBuildConfiguration;
			buildSettings = {
				ALWAYS_EMBED_SWIFT_STANDARD_LIBRARIES = YES;
				BUNDLE_LOADER = "$(TEST_HOST)";
				CODE_SIGN_STYLE = Automatic;
				CURRENT_PROJECT_VERSION = 1;
				DEVELOPMENT_TEAM = 579JAP9YP6;
				GENERATE_INFOPLIST_FILE = YES;
				IPHONEOS_DEPLOYMENT_TARGET = 15.0;
				LD_RUNPATH_SEARCH_PATHS = (
					"$(inherited)",
					"@executable_path/Frameworks",
					"@loader_path/Frameworks",
				);
				MARKETING_VERSION = 1.0;
				PRODUCT_BUNDLE_IDENTIFIER = com.teckdk.GuessAgeAppTests;
				PRODUCT_NAME = "$(TARGET_NAME)";
				SWIFT_EMIT_LOC_STRINGS = NO;
				SWIFT_VERSION = 5.0;
				TARGETED_DEVICE_FAMILY = "1,2";
				TEST_HOST = "$(BUILT_PRODUCTS_DIR)/GuessAgeApp.app/GuessAgeApp";
			};
			name = Release;
		};
		5975A434274FC69C006AF24A /* Debug */ = {
			isa = XCBuildConfiguration;
			buildSettings = {
				ALWAYS_EMBED_SWIFT_STANDARD_LIBRARIES = YES;
				CODE_SIGN_STYLE = Automatic;
				CURRENT_PROJECT_VERSION = 1;
				DEVELOPMENT_TEAM = 579JAP9YP6;
				GENERATE_INFOPLIST_FILE = YES;
				LD_RUNPATH_SEARCH_PATHS = (
					"$(inherited)",
					"@executable_path/Frameworks",
					"@loader_path/Frameworks",
				);
				MARKETING_VERSION = 1.0;
				PRODUCT_BUNDLE_IDENTIFIER = com.teckdk.GuessAgeAppUITests;
				PRODUCT_NAME = "$(TARGET_NAME)";
				SWIFT_EMIT_LOC_STRINGS = NO;
				SWIFT_VERSION = 5.0;
				TARGETED_DEVICE_FAMILY = "1,2";
				TEST_TARGET_NAME = GuessAgeApp;
			};
			name = Debug;
		};
		5975A435274FC69C006AF24A /* Release */ = {
			isa = XCBuildConfiguration;
			buildSettings = {
				ALWAYS_EMBED_SWIFT_STANDARD_LIBRARIES = YES;
				CODE_SIGN_STYLE = Automatic;
				CURRENT_PROJECT_VERSION = 1;
				DEVELOPMENT_TEAM = 579JAP9YP6;
				GENERATE_INFOPLIST_FILE = YES;
				LD_RUNPATH_SEARCH_PATHS = (
					"$(inherited)",
					"@executable_path/Frameworks",
					"@loader_path/Frameworks",
				);
				MARKETING_VERSION = 1.0;
				PRODUCT_BUNDLE_IDENTIFIER = com.teckdk.GuessAgeAppUITests;
				PRODUCT_NAME = "$(TARGET_NAME)";
				SWIFT_EMIT_LOC_STRINGS = NO;
				SWIFT_VERSION = 5.0;
				TARGETED_DEVICE_FAMILY = "1,2";
				TEST_TARGET_NAME = GuessAgeApp;
			};
			name = Release;
		};
/* End XCBuildConfiguration section */

/* Begin XCConfigurationList section */
		5975A404274FC695006AF24A /* Build configuration list for PBXProject "GuessAgeApp" */ = {
			isa = XCConfigurationList;
			buildConfigurations = (
				5975A42B274FC69C006AF24A /* Debug */,
				5975A42C274FC69C006AF24A /* Release */,
			);
			defaultConfigurationIsVisible = 0;
			defaultConfigurationName = Release;
		};
		5975A42D274FC69C006AF24A /* Build configuration list for PBXNativeTarget "GuessAgeApp" */ = {
			isa = XCConfigurationList;
			buildConfigurations = (
				5975A42E274FC69C006AF24A /* Debug */,
				5975A42F274FC69C006AF24A /* Release */,
			);
			defaultConfigurationIsVisible = 0;
			defaultConfigurationName = Release;
		};
		5975A430274FC69C006AF24A /* Build configuration list for PBXNativeTarget "GuessAgeAppTests" */ = {
			isa = XCConfigurationList;
			buildConfigurations = (
				5975A431274FC69C006AF24A /* Debug */,
				5975A432274FC69C006AF24A /* Release */,
			);
			defaultConfigurationIsVisible = 0;
			defaultConfigurationName = Release;
		};
		5975A433274FC69C006AF24A /* Build configuration list for PBXNativeTarget "GuessAgeAppUITests" */ = {
			isa = XCConfigurationList;
			buildConfigurations = (
				5975A434274FC69C006AF24A /* Debug */,
				5975A435274FC69C006AF24A /* Release */,
			);
			defaultConfigurationIsVisible = 0;
			defaultConfigurationName = Release;
		};
/* End XCConfigurationList section */
	};
	rootObject = 5975A401274FC695006AF24A /* Project object */;
}
